Microsoft Visual Studio Solution File, Format Version 12.00
# Visual Studio Version 17
VisualStudioVersion = 17.14.36408.4 d17.14
MinimumVisualStudioVersion = 10.0.40219.1
Project("{FAE04EC0-301F-11D3-BF4B-00C04F79EFBC}") = "ContactManager", "ContactManager\ContactManager.csproj", "{B1F3E39E-FEB9-4997-B632-6BC52B850644}"
EndProject
Global
	GlobalSection(SolutionConfigurationPlatforms) = preSolution
		Debug|Any CPU = Debug|Any CPU
		Release|Any CPU = Release|Any CPU
	EndGlobalSection
	GlobalSection(ProjectConfigurationPlatforms) = postSolution
		{B1F3E39E-FEB9-4997-B632-6BC52B850644}.Debug|Any CPU.ActiveCfg = Debug|Any CPU
		{B1F3E39E-FEB9-4997-B632-6BC52B850644}.Debug|Any CPU.Build.0 = Debug|Any CPU
		{B1F3E39E-FEB9-4997-B632-6BC52B850644}.Release|Any CPU.ActiveCfg = Release|Any CPU
		{B1F3E39E-FEB9-4997-B632-6BC52B850644}.Release|Any CPU.Build.0 = Release|Any CPU
	EndGlobalSection
	GlobalSection(SolutionProperties) = preSolution
		HideSolutionNode = FALSE
	EndGlobalSection
	GlobalSection(ExtensibilityGlobals) = postSolution
		SolutionGuid = {310280A0-794D-4652-8495-CAEA6D0B0C95}
	EndGlobalSection
EndGlobal
